// !$*UTF8*$!
{
	archiveVersion = 1;
	classes = {
	};
	objectVersion = 46;
	objects = {

/* Begin PBXBuildFile section */
		821287751D12DE4F00E0E1A1 /* AppDelegate.swift in Sources */ = {isa = PBXBuildFile; fileRef = 821287741D12DE4F00E0E1A1 /* AppDelegate.swift */; };
		821287771D12DE4F00E0E1A1 /* RecordSoundsViewController.swift in Sources */ = {isa = PBXBuildFile; fileRef = 821287761D12DE4F00E0E1A1 /* RecordSoundsViewController.swift */; };
		8212877A1D12DE4F00E0E1A1 /* Main.storyboard in Resources */ = {isa = PBXBuildFile; fileRef = 821287781D12DE4F00E0E1A1 /* Main.storyboard */; };
		8212877C1D12DE4F00E0E1A1 /* Assets.xcassets in Resources */ = {isa = PBXBuildFile; fileRef = 8212877B1D12DE4F00E0E1A1 /* Assets.xcassets */; };
		8212877F1D12DE4F00E0E1A1 /* LaunchScreen.storyboard in Resources */ = {isa = PBXBuildFile; fileRef = 8212877D1D12DE4F00E0E1A1 /* LaunchScreen.storyboard */; };
		8212878A1D12DE4F00E0E1A1 /* PitchPerfectTests.swift in Sources */ = {isa = PBXBuildFile; fileRef = 821287891D12DE4F00E0E1A1 /* PitchPerfectTests.swift */; };
		821287951D12DE4F00E0E1A1 /* PitchPerfectUITests.swift in Sources */ = {isa = PBXBuildFile; fileRef = 821287941D12DE4F00E0E1A1 /* PitchPerfectUITests.swift */; };
		822691DC1D19DFE800BD896C /* PlaySoundsViewController.swift in Sources */ = {isa = PBXBuildFile; fileRef = 822691DB1D19DFE800BD896C /* PlaySoundsViewController.swift */; };
/* End PBXBuildFile section */

/* Begin PBXContainerItemProxy section */
		821287861D12DE4F00E0E1A1 /* PBXContainerItemProxy */ = {
			isa = PBXContainerItemProxy;
			containerPortal = 821287691D12DE4E00E0E1A1 /* Project object */;
			proxyType = 1;
			remoteGlobalIDString = 821287701D12DE4E00E0E1A1;
			remoteInfo = PitchPerfect;
		};
		821287911D12DE4F00E0E1A1 /* PBXContainerItemProxy */ = {
			isa = PBXContainerItemProxy;
			containerPortal = 821287691D12DE4E00E0E1A1 /* Project object */;
			proxyType = 1;
			remoteGlobalIDString = 821287701D12DE4E00E0E1A1;
			remoteInfo = PitchPerfect;
		};
/* End PBXContainerItemProxy section */

/* Begin PBXFileReference section */
		821287711D12DE4E00E0E1A1 /* PitchPerfect.app */ = {isa = PBXFileReference; explicitFileType = wrapper.application; includeInIndex = 0; path = PitchPerfect.app; sourceTree = BUILT_PRODUCTS_DIR; };
		821287741D12DE4F00E0E1A1 /* AppDelegate.swift */ = {isa = PBXFileReference; lastKnownFileType = sourcecode.swift; path = AppDelegate.swift; sourceTree = "<group>"; };
		821287761D12DE4F00E0E1A1 /* RecordSoundsViewController.swift */ = {isa = PBXFileReference; lastKnownFileType = sourcecode.swift; path = RecordSoundsViewController.swift; sourceTree = "<group>"; };
		821287791D12DE4F00E0E1A1 /* Base */ = {isa = PBXFileReference; lastKnownFileType = file.storyboard; name = Base; path = Base.lproj/Main.storyboard; sourceTree = "<group>"; };
		8212877B1D12DE4F00E0E1A1 /* Assets.xcassets */ = {isa = PBXFileReference; lastKnownFileType = folder.assetcatalog; path = Assets.xcassets; sourceTree = "<group>"; };
		8212877E1D12DE4F00E0E1A1 /* Base */ = {isa = PBXFileReference; lastKnownFileType = file.storyboard; name = Base; path = Base.lproj/LaunchScreen.storyboard; sourceTree = "<group>"; };
		821287801D12DE4F00E0E1A1 /* Info.plist */ = {isa = PBXFileReference; lastKnownFileType = text.plist.xml; path = Info.plist; sourceTree = "<group>"; };
		821287851D12DE4F00E0E1A1 /* PitchPerfectTests.xctest */ = {isa = PBXFileReference; explicitFileType = wrapper.cfbundle; includeInIndex = 0; path = PitchPerfectTests.xctest; sourceTree = BUILT_PRODUCTS_DIR; };
		821287891D12DE4F00E0E1A1 /* PitchPerfectTests.swift */ = {isa = PBXFileReference; lastKnownFileType = sourcecode.swift; path = PitchPerfectTests.swift; sourceTree = "<group>"; };
		8212878B1D12DE4F00E0E1A1 /* Info.plist */ = {isa = PBXFileReference; lastKnownFileType = text.plist.xml; path = Info.plist; sourceTree = "<group>"; };
		821287901D12DE4F00E0E1A1 /* PitchPerfectUITests.xctest */ = {isa = PBXFileReference; explicitFileType = wrapper.cfbundle; includeInIndex = 0; path = PitchPerfectUITests.xctest; sourceTree = BUILT_PRODUCTS_DIR; };
		821287941D12DE4F00E0E1A1 /* PitchPerfectUITests.swift */ = {isa = PBXFileReference; lastKnownFileType = sourcecode.swift; path = PitchPerfectUITests.swift; sourceTree = "<group>"; };
		821287961D12DE4F00E0E1A1 /* Info.plist */ = {isa = PBXFileReference; lastKnownFileType = text.plist.xml; path = Info.plist; sourceTree = "<group>"; };
		822691DB1D19DFE800BD896C /* PlaySoundsViewController.swift */ = {isa = PBXFileReference; fileEncoding = 4; lastKnownFileType = sourcecode.swift; name = PlaySoundsViewController.swift; path = ../PlaySoundsViewController.swift; sourceTree = "<group>"; };
/* End PBXFileReference section */

/* Begin PBXFrameworksBuildPhase section */
		8212876E1D12DE4E00E0E1A1 /* Frameworks */ = {
			isa = PBXFrameworksBuildPhase;
			buildActionMask = 2147483647;
			files = (
			);
			runOnlyForDeploymentPostprocessing = 0;
		};
		821287821D12DE4F00E0E1A1 /* Frameworks */ = {
			isa = PBXFrameworksBuildPhase;
			buildActionMask = 2147483647;
			files = (
			);
			runOnlyForDeploymentPostprocessing = 0;
		};
		8212878D1D12DE4F00E0E1A1 /* Frameworks */ = {
			isa = PBXFrameworksBuildPhase;
			buildActionMask = 2147483647;
			files = (
			);
			runOnlyForDeploymentPostprocessing = 0;
		};
/* End PBXFrameworksBuildPhase section */

/* Begin PBXGroup section */
		821287681D12DE4E00E0E1A1 = {
			isa = PBXGroup;
			children = (
				821287731D12DE4F00E0E1A1 /* PitchPerfect */,
				821287881D12DE4F00E0E1A1 /* PitchPerfectTests */,
				821287931D12DE4F00E0E1A1 /* PitchPerfectUITests */,
				821287721D12DE4E00E0E1A1 /* Products */,
			);
			sourceTree = "<group>";
		};
		821287721D12DE4E00E0E1A1 /* Products */ = {
			isa = PBXGroup;
			children = (
				821287711D12DE4E00E0E1A1 /* PitchPerfect.app */,
				821287851D12DE4F00E0E1A1 /* PitchPerfectTests.xctest */,
				821287901D12DE4F00E0E1A1 /* PitchPerfectUITests.xctest */,
			);
			name = Products;
			sourceTree = "<group>";
		};
		821287731D12DE4F00E0E1A1 /* PitchPerfect */ = {
			isa = PBXGroup;
			children = (
				821287741D12DE4F00E0E1A1 /* AppDelegate.swift */,
				821287761D12DE4F00E0E1A1 /* RecordSoundsViewController.swift */,
				822691DB1D19DFE800BD896C /* PlaySoundsViewController.swift */,
				821287781D12DE4F00E0E1A1 /* Main.storyboard */,
				8212877B1D12DE4F00E0E1A1 /* Assets.xcassets */,
				8212877D1D12DE4F00E0E1A1 /* LaunchScreen.storyboard */,
				821287801D12DE4F00E0E1A1 /* Info.plist */,
			);
			path = PitchPerfect;
			sourceTree = "<group>";
		};
		821287881D12DE4F00E0E1A1 /* PitchPerfectTests */ = {
			isa = PBXGroup;
			children = (
				821287891D12DE4F00E0E1A1 /* PitchPerfectTests.swift */,
				8212878B1D12DE4F00E0E1A1 /* Info.plist */,
			);
			path = PitchPerfectTests;
			sourceTree = "<group>";
		};
		821287931D12DE4F00E0E1A1 /* PitchPerfectUITests */ = {
			isa = PBXGroup;
			children = (
				821287941D12DE4F00E0E1A1 /* PitchPerfectUITests.swift */,
				821287961D12DE4F00E0E1A1 /* Info.plist */,
			);
			path = PitchPerfectUITests;
			sourceTree = "<group>";
		};
/* End PBXGroup section */

/* Begin PBXNativeTarget section */
		821287701D12DE4E00E0E1A1 /* PitchPerfect */ = {
			isa = PBXNativeTarget;
			buildConfigurationList = 821287991D12DE4F00E0E1A1 /* Build configuration list for PBXNativeTarget "PitchPerfect" */;
			buildPhases = (
				8212876D1D12DE4E00E0E1A1 /* Sources */,
				8212876E1D12DE4E00E0E1A1 /* Frameworks */,
				8212876F1D12DE4E00E0E1A1 /* Resources */,
			);
			buildRules = (
			);
			dependencies = (
			);
			name = PitchPerfect;
			productName = PitchPerfect;
			productReference = 821287711D12DE4E00E0E1A1 /* PitchPerfect.app */;
			productType = "com.apple.product-type.application";
		};
		821287841D12DE4F00E0E1A1 /* PitchPerfectTests */ = {
			isa = PBXNativeTarget;
			buildConfigurationList = 8212879C1D12DE4F00E0E1A1 /* Build configuration list for PBXNativeTarget "PitchPerfectTests" */;
			buildPhases = (
				821287811D12DE4F00E0E1A1 /* Sources */,
				821287821D12DE4F00E0E1A1 /* Frameworks */,
				821287831D12DE4F00E0E1A1 /* Resources */,
			);
			buildRules = (
			);
			dependencies = (
				821287871D12DE4F00E0E1A1 /* PBXTargetDependency */,
			);
			name = PitchPerfectTests;
			productName = PitchPerfectTests;
			productReference = 821287851D12DE4F00E0E1A1 /* PitchPerfectTests.xctest */;
			productType = "com.apple.product-type.bundle.unit-test";
		};
		8212878F1D12DE4F00E0E1A1 /* PitchPerfectUITests */ = {
			isa = PBXNativeTarget;
			buildConfigurationList = 8212879F1D12DE4F00E0E1A1 /* Build configuration list for PBXNativeTarget "PitchPerfectUITests" */;
			buildPhases = (
				8212878C1D12DE4F00E0E1A1 /* Sources */,
				8212878D1D12DE4F00E0E1A1 /* Frameworks */,
				8212878E1D12DE4F00E0E1A1 /* Resources */,
			);
			buildRules = (
			);
			dependencies = (
				821287921D12DE4F00E0E1A1 /* PBXTargetDependency */,
			);
			name = PitchPerfectUITests;
			productName = PitchPerfectUITests;
			productReference = 821287901D12DE4F00E0E1A1 /* PitchPerfectUITests.xctest */;
			productType = "com.apple.product-type.bundle.ui-testing";
		};
/* End PBXNativeTarget section */

/* Begin PBXProject section */
		821287691D12DE4E00E0E1A1 /* Project object */ = {
			isa = PBXProject;
			attributes = {
				LastSwiftUpdateCheck = 0730;
				LastUpgradeCheck = 0730;
				ORGANIZATIONNAME = "Sergey Kravtsov";
				TargetAttributes = {
					821287701D12DE4E00E0E1A1 = {
						CreatedOnToolsVersion = 7.3;
					};
					821287841D12DE4F00E0E1A1 = {
						CreatedOnToolsVersion = 7.3;
						TestTargetID = 821287701D12DE4E00E0E1A1;
					};
					8212878F1D12DE4F00E0E1A1 = {
						CreatedOnToolsVersion = 7.3;
						TestTargetID = 821287701D12DE4E00E0E1A1;
					};
				};
			};
			buildConfigurationList = 8212876C1D12DE4E00E0E1A1 /* Build configuration list for PBXProject "PitchPerfect" */;
			compatibilityVersion = "Xcode 3.2";
			developmentRegion = English;
			hasScannedForEncodings = 0;
			knownRegions = (
				en,
				Base,
			);
			mainGroup = 821287681D12DE4E00E0E1A1;
			productRefGroup = 821287721D12DE4E00E0E1A1 /* Products */;
			projectDirPath = "";
			projectRoot = "";
			targets = (
				821287701D12DE4E00E0E1A1 /* PitchPerfect */,
				821287841D12DE4F00E0E1A1 /* PitchPerfectTests */,
				8212878F1D12DE4F00E0E1A1 /* PitchPerfectUITests */,
			);
		};
/* End PBXProject section */

/* Begin PBXResourcesBuildPhase section */
		8212876F1D12DE4E00E0E1A1 /* Resources */ = {
			isa = PBXResourcesBuildPhase;
			buildActionMask = 2147483647;
			files = (
				8212877F1D12DE4F00E0E1A1 /* LaunchScreen.storyboard in Resources */,
				8212877C1D12DE4F00E0E1A1 /* Assets.xcassets in Resources */,
				8212877A1D12DE4F00E0E1A1 /* Main.storyboard in Resources */,
			);
			runOnlyForDeploymentPostprocessing = 0;
		};
		821287831D12DE4F00E0E1A1 /* Resources */ = {
			isa = PBXResourcesBuildPhase;
			buildActionMask = 2147483647;
			files = (
			);
			runOnlyForDeploymentPostprocessing = 0;
		};
		8212878E1D12DE4F00E0E1A1 /* Resources */ = {
			isa = PBXResourcesBuildPhase;
			buildActionMask = 2147483647;
			files = (
			);
			runOnlyForDeploymentPostprocessing = 0;
		};
/* End PBXResourcesBuildPhase section */

/* Begin PBXSourcesBuildPhase section */
		8212876D1D12DE4E00E0E1A1 /* Sources */ = {
			isa = PBXSourcesBuildPhase;
			buildActionMask = 2147483647;
			files = (
				821287771D12DE4F00E0E1A1 /* RecordSoundsViewController.swift in Sources */,
				822691DC1D19DFE800BD896C /* PlaySoundsViewController.swift in Sources */,
				821287751D12DE4F00E0E1A1 /* AppDelegate.swift in Sources */,
			);
			runOnlyForDeploymentPostprocessing = 0;
		};
		821287811D12DE4F00E0E1A1 /* Sources */ = {
			isa = PBXSourcesBuildPhase;
			buildActionMask = 2147483647;
			files = (
				8212878A1D12DE4F00E0E1A1 /* PitchPerfectTests.swift in Sources */,
			);
			runOnlyForDeploymentPostprocessing = 0;
		};
		8212878C1D12DE4F00E0E1A1 /* Sources */ = {
			isa = PBXSourcesBuildPhase;
			buildActionMask = 2147483647;
			files = (
				821287951D12DE4F00E0E1A1 /* PitchPerfectUITests.swift in Sources */,
			);
			runOnlyForDeploymentPostprocessing = 0;
		};
/* End PBXSourcesBuildPhase section */

/* Begin PBXTargetDependency section */
		821287871D12DE4F00E0E1A1 /* PBXTargetDependency */ = {
			isa = PBXTargetDependency;
			target = 821287701D12DE4E00E0E1A1 /* PitchPerfect */;
			targetProxy = 821287861D12DE4F00E0E1A1 /* PBXContainerItemProxy */;
		};
		821287921D12DE4F00E0E1A1 /* PBXTargetDependency */ = {
			isa = PBXTargetDependency;
			target = 821287701D12DE4E00E0E1A1 /* PitchPerfect */;
			targetProxy = 821287911D12DE4F00E0E1A1 /* PBXContainerItemProxy */;
		};
/* End PBXTargetDependency section */

/* Begin PBXVariantGroup section */
		821287781D12DE4F00E0E1A1 /* Main.storyboard */ = {
			isa = PBXVariantGroup;
			children = (
				821287791D12DE4F00E0E1A1 /* Base */,
			);
			name = Main.storyboard;
			sourceTree = "<group>";
		};
		8212877D1D12DE4F00E0E1A1 /* LaunchScreen.storyboard */ = {
			isa = PBXVariantGroup;
			children = (
				8212877E1D12DE4F00E0E1A1 /* Base */,
			);
			name = LaunchScreen.storyboard;
			sourceTree = "<group>";
		};
/* End PBXVariantGroup section */

/* Begin XCBuildConfiguration section */
		821287971D12DE4F00E0E1A1 /* Debug */ = {
			isa = XCBuildConfiguration;
			buildSettings = {
				ALWAYS_SEARCH_USER_PATHS = NO;
				CLANG_ANALYZER_NONNULL = YES;
				CLANG_CXX_LANGUAGE_STANDARD = "gnu++0x";
				CLANG_CXX_LIBRARY = "libc++";
				CLANG_ENABLE_MODULES = YES;
				CLANG_ENABLE_OBJC_ARC = YES;
				CLANG_WARN_BOOL_CONVERSION = YES;
				CLANG_WARN_CONSTANT_CONVERSION = YES;
				CLANG_WARN_DIRECT_OBJC_ISA_USAGE = YES_ERROR;
				CLANG_WARN_EMPTY_BODY = YES;
				CLANG_WARN_ENUM_CONVERSION = YES;
				CLANG_WARN_INT_CONVERSION = YES;
				CLANG_WARN_OBJC_ROOT_CLASS = YES_ERROR;
				CLANG_WARN_UNREACHABLE_CODE = YES;
				CLANG_WARN__DUPLICATE_METHOD_MATCH = YES;
				"CODE_SIGN_IDENTITY[sdk=iphoneos*]" = "iPhone Developer";
				COPY_PHASE_STRIP = NO;
				DEBUG_INFORMATION_FORMAT = dwarf;
				ENABLE_STRICT_OBJC_MSGSEND = YES;
				ENABLE_TESTABILITY = YES;
				GCC_C_LANGUAGE_STANDARD = gnu99;
				GCC_DYNAMIC_NO_PIC = NO;
				GCC_NO_COMMON_BLOCKS = YES;
				GCC_OPTIMIZATION_LEVEL = 0;
				GCC_PREPROCESSOR_DEFINITIONS = (
					"DEBUG=1",
					"$(inherited)",
				);
				GCC_WARN_64_TO_32_BIT_CONVERSION = YES;
				GCC_WARN_ABOUT_RETURN_TYPE = YES_ERROR;
				GCC_WARN_UNDECLARED_SELECTOR = YES;
				GCC_WARN_UNINITIALIZED_AUTOS = YES_AGGRESSIVE;
				GCC_WARN_UNUSED_FUNCTION = YES;
				GCC_WARN_UNUSED_VARIABLE = YES;
				IPHONEOS_DEPLOYMENT_TARGET = 9.3;
				MTL_ENABLE_DEBUG_INFO = YES;
				ONLY_ACTIVE_ARCH = YES;
				SDKROOT = iphoneos;
				SWIFT_OPTIMIZATION_LEVEL = "-Onone";
				TARGETED_DEVICE_FAMILY = "1,2";
			};
			name = Debug;
		};
		821287981D12DE4F00E0E1A1 /* Release */ = {
			isa = XCBuildConfiguration;
			buildSettings = {
				ALWAYS_SEARCH_USER_PATHS = NO;
				CLANG_ANALYZER_NONNULL = YES;
				CLANG_CXX_LANGUAGE_STANDARD = "gnu++0x";
				CLANG_CXX_LIBRARY = "libc++";
				CLANG_ENABLE_MODULES = YES;
				CLANG_ENABLE_OBJC_ARC = YES;
				CLANG_WARN_BOOL_CONVERSION = YES;
				CLANG_WARN_CONSTANT_CONVERSION = YES;
				CLANG_WARN_DIRECT_OBJC_ISA_USAGE = YES_ERROR;
				CLANG_WARN_EMPTY_BODY = YES;
				CLANG_WARN_ENUM_CONVERSION = YES;
				CLANG_WARN_INT_CONVERSION = YES;
				CLANG_WARN_OBJC_ROOT_CLASS = YES_ERROR;
				CLANG_WARN_UNREACHABLE_CODE = YES;
				CLANG_WARN__DUPLICATE_METHOD_MATCH = YES;
				"CODE_SIGN_IDENTITY[sdk=iphoneos*]" = "iPhone Developer";
				COPY_PHASE_STRIP = NO;
				DEBUG_INFORMATION_FORMAT = "dwarf-with-dsym";
				ENABLE_NS_ASSERTIONS = NO;
				ENABLE_STRICT_OBJC_MSGSEND = YES;
				GCC_C_LANGUAGE_STANDARD = gnu99;
				GCC_NO_COMMON_BLOCKS = YES;
				GCC_WARN_64_TO_32_BIT_CONVERSION = YES;
				GCC_WARN_ABOUT_RETURN_TYPE = YES_ERROR;
				GCC_WARN_UNDECLARED_SELECTOR = YES;
				GCC_WARN_UNINITIALIZED_AUTOS = YES_AGGRESSIVE;
				GCC_WARN_UNUSED_FUNCTION = YES;
				GCC_WARN_UNUSED_VARIABLE = YES;
				IPHONEOS_DEPLOYMENT_TARGET = 9.3;
				MTL_ENABLE_DEBUG_INFO = NO;
				SDKROOT = iphoneos;
				TARGETED_DEVICE_FAMILY = "1,2";
				VALIDATE_PRODUCT = YES;
			};
			name = Release;
		};
		8212879A1D12DE4F00E0E1A1 /* Debug */ = {
			isa = XCBuildConfiguration;
			buildSettings = {
				ASSETCATALOG_COMPILER_APPICON_NAME = AppIcon;
				INFOPLIST_FILE = PitchPerfect/Info.plist;
				LD_RUNPATH_SEARCH_PATHS = "$(inherited) @executable_path/Frameworks";
				PRODUCT_BUNDLE_IDENTIFIER = SergeyKravtsov.PitchPerfect;
				PRODUCT_NAME = "$(TARGET_NAME)";
			};
			name = Debug;
		};
		8212879B1D12DE4F00E0E1A1 /* Release */ = {
			isa = XCBuildConfiguration;
			buildSettings = {
				ASSETCATALOG_COMPILER_APPICON_NAME = AppIcon;
				INFOPLIST_FILE = PitchPerfect/Info.plist;
				LD_RUNPATH_SEARCH_PATHS = "$(inherited) @executable_path/Frameworks";
				PRODUCT_BUNDLE_IDENTIFIER = SergeyKravtsov.PitchPerfect;
				PRODUCT_NAME = "$(TARGET_NAME)";
			};
			name = Release;
		};
		8212879D1D12DE4F00E0E1A1 /* Debug */ = {
			isa = XCBuildConfiguration;
			buildSettings = {
				BUNDLE_LOADER = "$(TEST_HOST)";
				INFOPLIST_FILE = PitchPerfectTests/Info.plist;
				LD_RUNPATH_SEARCH_PATHS = "$(inherited) @executable_path/Frameworks @loader_path/Frameworks";
				PRODUCT_BUNDLE_IDENTIFIER = SergeyKravtsov.PitchPerfectTests;
				PRODUCT_NAME = "$(TARGET_NAME)";
				TEST_HOST = "$(BUILT_PRODUCTS_DIR)/PitchPerfect.app/PitchPerfect";
			};
			name = Debug;
		};
		8212879E1D12DE4F00E0E1A1 /* Release */ = {
			isa = XCBuildConfiguration;
			buildSettings = {
				BUNDLE_LOADER = "$(TEST_HOST)";
				INFOPLIST_FILE = PitchPerfectTests/Info.plist;
				LD_RUNPATH_SEARCH_PATHS = "$(inherited) @executable_path/Frameworks @loader_path/Frameworks";
				PRODUCT_BUNDLE_IDENTIFIER = SergeyKravtsov.PitchPerfectTests;
				PRODUCT_NAME = "$(TARGET_NAME)";
				TEST_HOST = "$(BUILT_PRODUCTS_DIR)/PitchPerfect.app/PitchPerfect";
			};
			name = Release;
		};
		821287A01D12DE4F00E0E1A1 /* Debug */ = {
			isa = XCBuildConfiguration;
			buildSettings = {
				INFOPLIST_FILE = PitchPerfectUITests/Info.plist;
				LD_RUNPATH_SEARCH_PATHS = "$(inherited) @executable_path/Frameworks @loader_path/Frameworks";
				PRODUCT_BUNDLE_IDENTIFIER = SergeyKravtsov.PitchPerfectUITests;
				PRODUCT_NAME = "$(TARGET_NAME)";
				TEST_TARGET_NAME = PitchPerfect;
			};
			name = Debug;
		};
		821287A11D12DE4F00E0E1A1 /* Release */ = {
			isa = XCBuildConfiguration;
			buildSettings = {
				INFOPLIST_FILE = PitchPerfectUITests/Info.plist;
				LD_RUNPATH_SEARCH_PATHS = "$(inherited) @executable_path/Frameworks @loader_path/Frameworks";
				PRODUCT_BUNDLE_IDENTIFIER = SergeyKravtsov.PitchPerfectUITests;
				PRODUCT_NAME = "$(TARGET_NAME)";
				TEST_TARGET_NAME = PitchPerfect;
			};
			name = Release;
		};
/* End XCBuildConfiguration section */

/* Begin XCConfigurationList section */
		8212876C1D12DE4E00E0E1A1 /* Build configuration list for PBXProject "PitchPerfect" */ = {
			isa = XCConfigurationList;
			buildConfigurations = (
				821287971D12DE4F00E0E1A1 /* Debug */,
				821287981D12DE4F00E0E1A1 /* Release */,
			);
			defaultConfigurationIsVisible = 0;
			defaultConfigurationName = Release;
		};
		821287991D12DE4F00E0E1A1 /* Build configuration list for PBXNativeTarget "PitchPerfect" */ = {
			isa = XCConfigurationList;
			buildConfigurations = (
				8212879A1D12DE4F00E0E1A1 /* Debug */,
				8212879B1D12DE4F00E0E1A1 /* Release */,
			);
			defaultConfigurationIsVisible = 0;
			defaultConfigurationName = Release;
		};
		8212879C1D12DE4F00E0E1A1 /* Build configuration list for PBXNativeTarget "PitchPerfectTests" */ = {
			isa = XCConfigurationList;
			buildConfigurations = (
				8212879D1D12DE4F00E0E1A1 /* Debug */,
				8212879E1D12DE4F00E0E1A1 /* Release */,
			);
			defaultConfigurationIsVisible = 0;
			defaultConfigurationName = Release;
		};
		8212879F1D12DE4F00E0E1A1 /* Build configuration list for PBXNativeTarget "PitchPerfectUITests" */ = {
			isa = XCConfigurationList;
			buildConfigurations = (
				821287A01D12DE4F00E0E1A1 /* Debug */,
				821287A11D12DE4F00E0E1A1 /* Release */,
			);
			defaultConfigurationIsVisible = 0;
			defaultConfigurationName = Release;
		};
/* End XCConfigurationList section */
	};
	rootObject = 821287691D12DE4E00E0E1A1 /* Project object */;
}
